// !$*UTF8*$!
{
	archiveVersion = 1;
	classes = {
	};
	objectVersion = 46;
	objects = {

/* Begin PBXBuildFile section */
		62D1AE1D1A1E6D4400E4DFF8 /* AppDelegate.swift in Sources */ = {isa = PBXBuildFile; fileRef = 62D1AE1C1A1E6D4400E4DFF8 /* AppDelegate.swift */; };
		62D1AE1F1A1E6D4400E4DFF8 /* ViewController.swift in Sources */ = {isa = PBXBuildFile; fileRef = 62D1AE1E1A1E6D4400E4DFF8 /* ViewController.swift */; };
		62D1AE221A1E6D4400E4DFF8 /* Main.storyboard in Resources */ = {isa = PBXBuildFile; fileRef = 62D1AE201A1E6D4400E4DFF8 /* Main.storyboard */; };
		62D1AE241A1E6D4400E4DFF8 /* Images.xcassets in Resources */ = {isa = PBXBuildFile; fileRef = 62D1AE231A1E6D4400E4DFF8 /* Images.xcassets */; };
		62D1AE271A1E6D4400E4DFF8 /* LaunchScreen.xib in Resources */ = {isa = PBXBuildFile; fileRef = 62D1AE251A1E6D4400E4DFF8 /* LaunchScreen.xib */; };
		62D1AE331A1E6D4500E4DFF8 /* ValidatorTests.swift in Sources */ = {isa = PBXBuildFile; fileRef = 62D1AE321A1E6D4500E4DFF8 /* ValidatorTests.swift */; };
		62D1AE3E1A1E6FEF00E4DFF8 /* FullNameValidation.swift in Sources */ = {isa = PBXBuildFile; fileRef = 62D1AE3D1A1E6FEF00E4DFF8 /* FullNameValidation.swift */; };
		62D1AE491A1E6FF800E4DFF8 /* EmailValidation.swift in Sources */ = {isa = PBXBuildFile; fileRef = 62D1AE3F1A1E6FF800E4DFF8 /* EmailValidation.swift */; };
		62D1AE4A1A1E6FF800E4DFF8 /* MaxLengthValidation.swift in Sources */ = {isa = PBXBuildFile; fileRef = 62D1AE401A1E6FF800E4DFF8 /* MaxLengthValidation.swift */; };
		62D1AE4B1A1E6FF800E4DFF8 /* MinLengthValidation.swift in Sources */ = {isa = PBXBuildFile; fileRef = 62D1AE411A1E6FF800E4DFF8 /* MinLengthValidation.swift */; };
		62D1AE4C1A1E6FF800E4DFF8 /* PhoneNumberValidation.swift in Sources */ = {isa = PBXBuildFile; fileRef = 62D1AE421A1E6FF800E4DFF8 /* PhoneNumberValidation.swift */; };
		62D1AE4D1A1E6FF800E4DFF8 /* RequiredValidation.swift in Sources */ = {isa = PBXBuildFile; fileRef = 62D1AE431A1E6FF800E4DFF8 /* RequiredValidation.swift */; };
		62D1AE4E1A1E6FF800E4DFF8 /* Validation.swift in Sources */ = {isa = PBXBuildFile; fileRef = 62D1AE441A1E6FF800E4DFF8 /* Validation.swift */; };
		62D1AE4F1A1E6FF800E4DFF8 /* ValidationError.swift in Sources */ = {isa = PBXBuildFile; fileRef = 62D1AE451A1E6FF800E4DFF8 /* ValidationError.swift */; };
		62D1AE501A1E6FF800E4DFF8 /* ValidationErrorType.swift in Sources */ = {isa = PBXBuildFile; fileRef = 62D1AE461A1E6FF800E4DFF8 /* ValidationErrorType.swift */; };
		62D1AE511A1E6FF800E4DFF8 /* ValidationFactory.swift in Sources */ = {isa = PBXBuildFile; fileRef = 62D1AE471A1E6FF800E4DFF8 /* ValidationFactory.swift */; };
		62D1AE521A1E6FF800E4DFF8 /* ValidationRule.swift in Sources */ = {isa = PBXBuildFile; fileRef = 62D1AE481A1E6FF800E4DFF8 /* ValidationRule.swift */; };
		62D1AE571A1E700200E4DFF8 /* ValidationRuleType.swift in Sources */ = {isa = PBXBuildFile; fileRef = 62D1AE531A1E700200E4DFF8 /* ValidationRuleType.swift */; };
		62D1AE581A1E700200E4DFF8 /* Validator.swift in Sources */ = {isa = PBXBuildFile; fileRef = 62D1AE541A1E700200E4DFF8 /* Validator.swift */; };
		62D1AE591A1E700200E4DFF8 /* ZipCodeValidation.swift in Sources */ = {isa = PBXBuildFile; fileRef = 62D1AE551A1E700200E4DFF8 /* ZipCodeValidation.swift */; };
		62D1AE5A1A1E700200E4DFF8 /* PasswordValidation.swift in Sources */ = {isa = PBXBuildFile; fileRef = 62D1AE561A1E700200E4DFF8 /* PasswordValidation.swift */; };
/* End PBXBuildFile section */

/* Begin PBXContainerItemProxy section */
		62D1AE2D1A1E6D4500E4DFF8 /* PBXContainerItemProxy */ = {
			isa = PBXContainerItemProxy;
			containerPortal = 62D1AE0F1A1E6D4400E4DFF8 /* Project object */;
			proxyType = 1;
			remoteGlobalIDString = 62D1AE161A1E6D4400E4DFF8;
			remoteInfo = Validator;
		};
/* End PBXContainerItemProxy section */

/* Begin PBXFileReference section */
		62D1AE171A1E6D4400E4DFF8 /* Validator.app */ = {isa = PBXFileReference; explicitFileType = wrapper.application; includeInIndex = 0; path = Validator.app; sourceTree = BUILT_PRODUCTS_DIR; };
		62D1AE1B1A1E6D4400E4DFF8 /* Info.plist */ = {isa = PBXFileReference; lastKnownFileType = text.plist.xml; path = Info.plist; sourceTree = "<group>"; };
		62D1AE1C1A1E6D4400E4DFF8 /* AppDelegate.swift */ = {isa = PBXFileReference; lastKnownFileType = sourcecode.swift; path = AppDelegate.swift; sourceTree = "<group>"; };
		62D1AE1E1A1E6D4400E4DFF8 /* ViewController.swift */ = {isa = PBXFileReference; lastKnownFileType = sourcecode.swift; path = ViewController.swift; sourceTree = "<group>"; };
		62D1AE211A1E6D4400E4DFF8 /* Base */ = {isa = PBXFileReference; lastKnownFileType = file.storyboard; name = Base; path = Base.lproj/Main.storyboard; sourceTree = "<group>"; };
		62D1AE231A1E6D4400E4DFF8 /* Images.xcassets */ = {isa = PBXFileReference; lastKnownFileType = folder.assetcatalog; path = Images.xcassets; sourceTree = "<group>"; };
		62D1AE261A1E6D4400E4DFF8 /* Base */ = {isa = PBXFileReference; lastKnownFileType = file.xib; name = Base; path = Base.lproj/LaunchScreen.xib; sourceTree = "<group>"; };
		62D1AE2C1A1E6D4500E4DFF8 /* ValidatorTests.xctest */ = {isa = PBXFileReference; explicitFileType = wrapper.cfbundle; includeInIndex = 0; path = ValidatorTests.xctest; sourceTree = BUILT_PRODUCTS_DIR; };
		62D1AE311A1E6D4500E4DFF8 /* Info.plist */ = {isa = PBXFileReference; lastKnownFileType = text.plist.xml; path = Info.plist; sourceTree = "<group>"; };
		62D1AE321A1E6D4500E4DFF8 /* ValidatorTests.swift */ = {isa = PBXFileReference; lastKnownFileType = sourcecode.swift; path = ValidatorTests.swift; sourceTree = "<group>"; };
		62D1AE3D1A1E6FEF00E4DFF8 /* FullNameValidation.swift */ = {isa = PBXFileReference; fileEncoding = 4; lastKnownFileType = sourcecode.swift; path = FullNameValidation.swift; sourceTree = "<group>"; };
		62D1AE3F1A1E6FF800E4DFF8 /* EmailValidation.swift */ = {isa = PBXFileReference; fileEncoding = 4; lastKnownFileType = sourcecode.swift; path = EmailValidation.swift; sourceTree = "<group>"; };
		62D1AE401A1E6FF800E4DFF8 /* MaxLengthValidation.swift */ = {isa = PBXFileReference; fileEncoding = 4; lastKnownFileType = sourcecode.swift; path = MaxLengthValidation.swift; sourceTree = "<group>"; };
		62D1AE411A1E6FF800E4DFF8 /* MinLengthValidation.swift */ = {isa = PBXFileReference; fileEncoding = 4; lastKnownFileType = sourcecode.swift; path = MinLengthValidation.swift; sourceTree = "<group>"; };
		62D1AE421A1E6FF800E4DFF8 /* PhoneNumberValidation.swift */ = {isa = PBXFileReference; fileEncoding = 4; lastKnownFileType = sourcecode.swift; path = PhoneNumberValidation.swift; sourceTree = "<group>"; };
		62D1AE431A1E6FF800E4DFF8 /* RequiredValidation.swift */ = {isa = PBXFileReference; fileEncoding = 4; lastKnownFileType = sourcecode.swift; path = RequiredValidation.swift; sourceTree = "<group>"; };
		62D1AE441A1E6FF800E4DFF8 /* Validation.swift */ = {isa = PBXFileReference; fileEncoding = 4; lastKnownFileType = sourcecode.swift; path = Validation.swift; sourceTree = "<group>"; };
		62D1AE451A1E6FF800E4DFF8 /* ValidationError.swift */ = {isa = PBXFileReference; fileEncoding = 4; lastKnownFileType = sourcecode.swift; path = ValidationError.swift; sourceTree = "<group>"; };
		62D1AE461A1E6FF800E4DFF8 /* ValidationErrorType.swift */ = {isa = PBXFileReference; fileEncoding = 4; lastKnownFileType = sourcecode.swift; path = ValidationErrorType.swift; sourceTree = "<group>"; };
		62D1AE471A1E6FF800E4DFF8 /* ValidationFactory.swift */ = {isa = PBXFileReference; fileEncoding = 4; lastKnownFileType = sourcecode.swift; path = ValidationFactory.swift; sourceTree = "<group>"; };
		62D1AE481A1E6FF800E4DFF8 /* ValidationRule.swift */ = {isa = PBXFileReference; fileEncoding = 4; lastKnownFileType = sourcecode.swift; path = ValidationRule.swift; sourceTree = "<group>"; };
		62D1AE531A1E700200E4DFF8 /* ValidationRuleType.swift */ = {isa = PBXFileReference; fileEncoding = 4; lastKnownFileType = sourcecode.swift; path = ValidationRuleType.swift; sourceTree = "<group>"; };
		62D1AE541A1E700200E4DFF8 /* Validator.swift */ = {isa = PBXFileReference; fileEncoding = 4; lastKnownFileType = sourcecode.swift; path = Validator.swift; sourceTree = "<group>"; };
		62D1AE551A1E700200E4DFF8 /* ZipCodeValidation.swift */ = {isa = PBXFileReference; fileEncoding = 4; lastKnownFileType = sourcecode.swift; path = ZipCodeValidation.swift; sourceTree = "<group>"; };
		62D1AE561A1E700200E4DFF8 /* PasswordValidation.swift */ = {isa = PBXFileReference; fileEncoding = 4; lastKnownFileType = sourcecode.swift; path = PasswordValidation.swift; sourceTree = "<group>"; };
/* End PBXFileReference section */

/* Begin PBXFrameworksBuildPhase section */
		62D1AE141A1E6D4400E4DFF8 /* Frameworks */ = {
			isa = PBXFrameworksBuildPhase;
			buildActionMask = 2147483647;
			files = (
			);
			runOnlyForDeploymentPostprocessing = 0;
		};
		62D1AE291A1E6D4500E4DFF8 /* Frameworks */ = {
			isa = PBXFrameworksBuildPhase;
			buildActionMask = 2147483647;
			files = (
			);
			runOnlyForDeploymentPostprocessing = 0;
		};
/* End PBXFrameworksBuildPhase section */

/* Begin PBXGroup section */
		62D1AE0E1A1E6D4400E4DFF8 = {
			isa = PBXGroup;
			children = (
				62D1AE191A1E6D4400E4DFF8 /* Validator */,
				62D1AE2F1A1E6D4500E4DFF8 /* ValidatorTests */,
				62D1AE181A1E6D4400E4DFF8 /* Products */,
			);
			sourceTree = "<group>";
		};
		62D1AE181A1E6D4400E4DFF8 /* Products */ = {
			isa = PBXGroup;
			children = (
				62D1AE171A1E6D4400E4DFF8 /* Validator.app */,
				62D1AE2C1A1E6D4500E4DFF8 /* ValidatorTests.xctest */,
			);
			name = Products;
			sourceTree = "<group>";
		};
		62D1AE191A1E6D4400E4DFF8 /* Validator */ = {
			isa = PBXGroup;
			children = (
				62D1AE3C1A1E6FAF00E4DFF8 /* lib */,
				62D1AE1C1A1E6D4400E4DFF8 /* AppDelegate.swift */,
				62D1AE1E1A1E6D4400E4DFF8 /* ViewController.swift */,
				62D1AE201A1E6D4400E4DFF8 /* Main.storyboard */,
				62D1AE231A1E6D4400E4DFF8 /* Images.xcassets */,
				62D1AE251A1E6D4400E4DFF8 /* LaunchScreen.xib */,
				62D1AE1A1A1E6D4400E4DFF8 /* Supporting Files */,
			);
			path = Validator;
			sourceTree = "<group>";
		};
		62D1AE1A1A1E6D4400E4DFF8 /* Supporting Files */ = {
			isa = PBXGroup;
			children = (
				62D1AE1B1A1E6D4400E4DFF8 /* Info.plist */,
			);
			name = "Supporting Files";
			sourceTree = "<group>";
		};
		62D1AE2F1A1E6D4500E4DFF8 /* ValidatorTests */ = {
			isa = PBXGroup;
			children = (
				62D1AE321A1E6D4500E4DFF8 /* ValidatorTests.swift */,
				62D1AE301A1E6D4500E4DFF8 /* Supporting Files */,
			);
			path = ValidatorTests;
			sourceTree = "<group>";
		};
		62D1AE301A1E6D4500E4DFF8 /* Supporting Files */ = {
			isa = PBXGroup;
			children = (
				62D1AE311A1E6D4500E4DFF8 /* Info.plist */,
			);
			name = "Supporting Files";
			sourceTree = "<group>";
		};
		62D1AE3C1A1E6FAF00E4DFF8 /* lib */ = {
			isa = PBXGroup;
			children = (
				62D1AE5B1A1E701B00E4DFF8 /* Validations */,
				62D1AE531A1E700200E4DFF8 /* ValidationRuleType.swift */,
				62D1AE541A1E700200E4DFF8 /* Validator.swift */,
				62D1AE451A1E6FF800E4DFF8 /* ValidationError.swift */,
				62D1AE461A1E6FF800E4DFF8 /* ValidationErrorType.swift */,
				62D1AE471A1E6FF800E4DFF8 /* ValidationFactory.swift */,
				62D1AE481A1E6FF800E4DFF8 /* ValidationRule.swift */,
			);
			name = lib;
			sourceTree = "<group>";
		};
		62D1AE5B1A1E701B00E4DFF8 /* Validations */ = {
			isa = PBXGroup;
			children = (
				62D1AE441A1E6FF800E4DFF8 /* Validation.swift */,
				62D1AE3D1A1E6FEF00E4DFF8 /* FullNameValidation.swift */,
				62D1AE421A1E6FF800E4DFF8 /* PhoneNumberValidation.swift */,
				62D1AE431A1E6FF800E4DFF8 /* RequiredValidation.swift */,
				62D1AE3F1A1E6FF800E4DFF8 /* EmailValidation.swift */,
				62D1AE411A1E6FF800E4DFF8 /* MinLengthValidation.swift */,
				62D1AE401A1E6FF800E4DFF8 /* MaxLengthValidation.swift */,
				62D1AE561A1E700200E4DFF8 /* PasswordValidation.swift */,
				62D1AE551A1E700200E4DFF8 /* ZipCodeValidation.swift */,
			);
			name = Validations;
			sourceTree = "<group>";
		};
/* End PBXGroup section */

/* Begin PBXNativeTarget section */
		62D1AE161A1E6D4400E4DFF8 /* Validator */ = {
			isa = PBXNativeTarget;
			buildConfigurationList = 62D1AE361A1E6D4500E4DFF8 /* Build configuration list for PBXNativeTarget "Validator" */;
			buildPhases = (
				62D1AE131A1E6D4400E4DFF8 /* Sources */,
				62D1AE141A1E6D4400E4DFF8 /* Frameworks */,
				62D1AE151A1E6D4400E4DFF8 /* Resources */,
			);
			buildRules = (
			);
			dependencies = (
			);
			name = Validator;
			productName = Validator;
			productReference = 62D1AE171A1E6D4400E4DFF8 /* Validator.app */;
			productType = "com.apple.product-type.application";
		};
		62D1AE2B1A1E6D4500E4DFF8 /* ValidatorTests */ = {
			isa = PBXNativeTarget;
			buildConfigurationList = 62D1AE391A1E6D4500E4DFF8 /* Build configuration list for PBXNativeTarget "ValidatorTests" */;
			buildPhases = (
				62D1AE281A1E6D4500E4DFF8 /* Sources */,
				62D1AE291A1E6D4500E4DFF8 /* Frameworks */,
				62D1AE2A1A1E6D4500E4DFF8 /* Resources */,
			);
			buildRules = (
			);
			dependencies = (
				62D1AE2E1A1E6D4500E4DFF8 /* PBXTargetDependency */,
			);
			name = ValidatorTests;
			productName = ValidatorTests;
			productReference = 62D1AE2C1A1E6D4500E4DFF8 /* ValidatorTests.xctest */;
			productType = "com.apple.product-type.bundle.unit-test";
		};
/* End PBXNativeTarget section */

/* Begin PBXProject section */
		62D1AE0F1A1E6D4400E4DFF8 /* Project object */ = {
			isa = PBXProject;
			attributes = {
				LastUpgradeCheck = 0610;
				ORGANIZATIONNAME = jpotts18;
				TargetAttributes = {
					62D1AE161A1E6D4400E4DFF8 = {
						CreatedOnToolsVersion = 6.1;
					};
					62D1AE2B1A1E6D4500E4DFF8 = {
						CreatedOnToolsVersion = 6.1;
						TestTargetID = 62D1AE161A1E6D4400E4DFF8;
					};
				};
			};
			buildConfigurationList = 62D1AE121A1E6D4400E4DFF8 /* Build configuration list for PBXProject "Validator" */;
			compatibilityVersion = "Xcode 3.2";
			developmentRegion = English;
			hasScannedForEncodings = 0;
			knownRegions = (
				en,
				Base,
			);
			mainGroup = 62D1AE0E1A1E6D4400E4DFF8;
			productRefGroup = 62D1AE181A1E6D4400E4DFF8 /* Products */;
			projectDirPath = "";
			projectRoot = "";
			targets = (
				62D1AE161A1E6D4400E4DFF8 /* Validator */,
				62D1AE2B1A1E6D4500E4DFF8 /* ValidatorTests */,
			);
		};
/* End PBXProject section */

/* Begin PBXResourcesBuildPhase section */
		62D1AE151A1E6D4400E4DFF8 /* Resources */ = {
			isa = PBXResourcesBuildPhase;
			buildActionMask = 2147483647;
			files = (
				62D1AE221A1E6D4400E4DFF8 /* Main.storyboard in Resources */,
				62D1AE271A1E6D4400E4DFF8 /* LaunchScreen.xib in Resources */,
				62D1AE241A1E6D4400E4DFF8 /* Images.xcassets in Resources */,
			);
			runOnlyForDeploymentPostprocessing = 0;
		};
		62D1AE2A1A1E6D4500E4DFF8 /* Resources */ = {
			isa = PBXResourcesBuildPhase;
			buildActionMask = 2147483647;
			files = (
			);
			runOnlyForDeploymentPostprocessing = 0;
		};
/* End PBXResourcesBuildPhase section */

/* Begin PBXSourcesBuildPhase section */
		62D1AE131A1E6D4400E4DFF8 /* Sources */ = {
			isa = PBXSourcesBuildPhase;
			buildActionMask = 2147483647;
			files = (
				62D1AE4C1A1E6FF800E4DFF8 /* PhoneNumberValidation.swift in Sources */,
				62D1AE5A1A1E700200E4DFF8 /* PasswordValidation.swift in Sources */,
				62D1AE4F1A1E6FF800E4DFF8 /* ValidationError.swift in Sources */,
				62D1AE3E1A1E6FEF00E4DFF8 /* FullNameValidation.swift in Sources */,
				62D1AE4B1A1E6FF800E4DFF8 /* MinLengthValidation.swift in Sources */,
				62D1AE1F1A1E6D4400E4DFF8 /* ViewController.swift in Sources */,
				62D1AE4E1A1E6FF800E4DFF8 /* Validation.swift in Sources */,
				62D1AE1D1A1E6D4400E4DFF8 /* AppDelegate.swift in Sources */,
				62D1AE581A1E700200E4DFF8 /* Validator.swift in Sources */,
				62D1AE501A1E6FF800E4DFF8 /* ValidationErrorType.swift in Sources */,
				62D1AE491A1E6FF800E4DFF8 /* EmailValidation.swift in Sources */,
				62D1AE511A1E6FF800E4DFF8 /* ValidationFactory.swift in Sources */,
				62D1AE591A1E700200E4DFF8 /* ZipCodeValidation.swift in Sources */,
				62D1AE571A1E700200E4DFF8 /* ValidationRuleType.swift in Sources */,
				62D1AE521A1E6FF800E4DFF8 /* ValidationRule.swift in Sources */,
				62D1AE4A1A1E6FF800E4DFF8 /* MaxLengthValidation.swift in Sources */,
				62D1AE4D1A1E6FF800E4DFF8 /* RequiredValidation.swift in Sources */,
			);
			runOnlyForDeploymentPostprocessing = 0;
		};
		62D1AE281A1E6D4500E4DFF8 /* Sources */ = {
			isa = PBXSourcesBuildPhase;
			buildActionMask = 2147483647;
			files = (
				62D1AE331A1E6D4500E4DFF8 /* ValidatorTests.swift in Sources */,
			);
			runOnlyForDeploymentPostprocessing = 0;
		};
/* End PBXSourcesBuildPhase section */

/* Begin PBXTargetDependency section */
		62D1AE2E1A1E6D4500E4DFF8 /* PBXTargetDependency */ = {
			isa = PBXTargetDependency;
			target = 62D1AE161A1E6D4400E4DFF8 /* Validator */;
			targetProxy = 62D1AE2D1A1E6D4500E4DFF8 /* PBXContainerItemProxy */;
		};
/* End PBXTargetDependency section */

/* Begin PBXVariantGroup section */
		62D1AE201A1E6D4400E4DFF8 /* Main.storyboard */ = {
			isa = PBXVariantGroup;
			children = (
				62D1AE211A1E6D4400E4DFF8 /* Base */,
			);
			name = Main.storyboard;
			sourceTree = "<group>";
		};
		62D1AE251A1E6D4400E4DFF8 /* LaunchScreen.xib */ = {
			isa = PBXVariantGroup;
			children = (
				62D1AE261A1E6D4400E4DFF8 /* Base */,
			);
			name = LaunchScreen.xib;
			sourceTree = "<group>";
		};
/* End PBXVariantGroup section */

/* Begin XCBuildConfiguration section */
		62D1AE341A1E6D4500E4DFF8 /* Debug */ = {
			isa = XCBuildConfiguration;
			buildSettings = {
				ALWAYS_SEARCH_USER_PATHS = NO;
				CLANG_CXX_LANGUAGE_STANDARD = "gnu++0x";
				CLANG_CXX_LIBRARY = "libc++";
				CLANG_ENABLE_MODULES = YES;
				CLANG_ENABLE_OBJC_ARC = YES;
				CLANG_WARN_BOOL_CONVERSION = YES;
				CLANG_WARN_CONSTANT_CONVERSION = YES;
				CLANG_WARN_DIRECT_OBJC_ISA_USAGE = YES_ERROR;
				CLANG_WARN_EMPTY_BODY = YES;
				CLANG_WARN_ENUM_CONVERSION = YES;
				CLANG_WARN_INT_CONVERSION = YES;
				CLANG_WARN_OBJC_ROOT_CLASS = YES_ERROR;
				CLANG_WARN_UNREACHABLE_CODE = YES;
				CLANG_WARN__DUPLICATE_METHOD_MATCH = YES;
				"CODE_SIGN_IDENTITY[sdk=iphoneos*]" = "iPhone Developer";
				COPY_PHASE_STRIP = NO;
				ENABLE_STRICT_OBJC_MSGSEND = YES;
				GCC_C_LANGUAGE_STANDARD = gnu99;
				GCC_DYNAMIC_NO_PIC = NO;
				GCC_OPTIMIZATION_LEVEL = 0;
				GCC_PREPROCESSOR_DEFINITIONS = (
					"DEBUG=1",
					"$(inherited)",
				);
				GCC_SYMBOLS_PRIVATE_EXTERN = NO;
				GCC_WARN_64_TO_32_BIT_CONVERSION = YES;
				GCC_WARN_ABOUT_RETURN_TYPE = YES_ERROR;
				GCC_WARN_UNDECLARED_SELECTOR = YES;
				GCC_WARN_UNINITIALIZED_AUTOS = YES_AGGRESSIVE;
				GCC_WARN_UNUSED_FUNCTION = YES;
				GCC_WARN_UNUSED_VARIABLE = YES;
				IPHONEOS_DEPLOYMENT_TARGET = 8.1;
				MTL_ENABLE_DEBUG_INFO = YES;
				ONLY_ACTIVE_ARCH = YES;
				SDKROOT = iphoneos;
				SWIFT_OPTIMIZATION_LEVEL = "-Onone";
			};
			name = Debug;
		};
		62D1AE351A1E6D4500E4DFF8 /* Release */ = {
			isa = XCBuildConfiguration;
			buildSettings = {
				ALWAYS_SEARCH_USER_PATHS = NO;
				CLANG_CXX_LANGUAGE_STANDARD = "gnu++0x";
				CLANG_CXX_LIBRARY = "libc++";
				CLANG_ENABLE_MODULES = YES;
				CLANG_ENABLE_OBJC_ARC = YES;
				CLANG_WARN_BOOL_CONVERSION = YES;
				CLANG_WARN_CONSTANT_CONVERSION = YES;
				CLANG_WARN_DIRECT_OBJC_ISA_USAGE = YES_ERROR;
				CLANG_WARN_EMPTY_BODY = YES;
				CLANG_WARN_ENUM_CONVERSION = YES;
				CLANG_WARN_INT_CONVERSION = YES;
				CLANG_WARN_OBJC_ROOT_CLASS = YES_ERROR;
				CLANG_WARN_UNREACHABLE_CODE = YES;
				CLANG_WARN__DUPLICATE_METHOD_MATCH = YES;
				"CODE_SIGN_IDENTITY[sdk=iphoneos*]" = "iPhone Developer";
				COPY_PHASE_STRIP = YES;
				ENABLE_NS_ASSERTIONS = NO;
				ENABLE_STRICT_OBJC_MSGSEND = YES;
				GCC_C_LANGUAGE_STANDARD = gnu99;
				GCC_WARN_64_TO_32_BIT_CONVERSION = YES;
				GCC_WARN_ABOUT_RETURN_TYPE = YES_ERROR;
				GCC_WARN_UNDECLARED_SELECTOR = YES;
				GCC_WARN_UNINITIALIZED_AUTOS = YES_AGGRESSIVE;
				GCC_WARN_UNUSED_FUNCTION = YES;
				GCC_WARN_UNUSED_VARIABLE = YES;
				IPHONEOS_DEPLOYMENT_TARGET = 8.1;
				MTL_ENABLE_DEBUG_INFO = NO;
				SDKROOT = iphoneos;
				VALIDATE_PRODUCT = YES;
			};
			name = Release;
		};
		62D1AE371A1E6D4500E4DFF8 /* Debug */ = {
			isa = XCBuildConfiguration;
			buildSettings = {
				ASSETCATALOG_COMPILER_APPICON_NAME = AppIcon;
				INFOPLIST_FILE = Validator/Info.plist;
				LD_RUNPATH_SEARCH_PATHS = "$(inherited) @executable_path/Frameworks";
				PRODUCT_NAME = "$(TARGET_NAME)";
			};
			name = Debug;
		};
		62D1AE381A1E6D4500E4DFF8 /* Release */ = {
			isa = XCBuildConfiguration;
			buildSettings = {
				ASSETCATALOG_COMPILER_APPICON_NAME = AppIcon;
				INFOPLIST_FILE = Validator/Info.plist;
				LD_RUNPATH_SEARCH_PATHS = "$(inherited) @executable_path/Frameworks";
				PRODUCT_NAME = "$(TARGET_NAME)";
			};
			name = Release;
		};
		62D1AE3A1A1E6D4500E4DFF8 /* Debug */ = {
			isa = XCBuildConfiguration;
			buildSettings = {
				BUNDLE_LOADER = "$(TEST_HOST)";
				FRAMEWORK_SEARCH_PATHS = (
					"$(SDKROOT)/Developer/Library/Frameworks",
					"$(inherited)",
				);
				GCC_PREPROCESSOR_DEFINITIONS = (
					"DEBUG=1",
					"$(inherited)",
				);
				INFOPLIST_FILE = ValidatorTests/Info.plist;
				LD_RUNPATH_SEARCH_PATHS = "$(inherited) @executable_path/Frameworks @loader_path/Frameworks";
				PRODUCT_NAME = "$(TARGET_NAME)";
				TEST_HOST = "$(BUILT_PRODUCTS_DIR)/Validator.app/Validator";
			};
			name = Debug;
		};
		62D1AE3B1A1E6D4500E4DFF8 /* Release */ = {
			isa = XCBuildConfiguration;
			buildSettings = {
				BUNDLE_LOADER = "$(TEST_HOST)";
				FRAMEWORK_SEARCH_PATHS = (
					"$(SDKROOT)/Developer/Library/Frameworks",
					"$(inherited)",
				);
				INFOPLIST_FILE = ValidatorTests/Info.plist;
				LD_RUNPATH_SEARCH_PATHS = "$(inherited) @executable_path/Frameworks @loader_path/Frameworks";
				PRODUCT_NAME = "$(TARGET_NAME)";
				TEST_HOST = "$(BUILT_PRODUCTS_DIR)/Validator.app/Validator";
			};
			name = Release;
		};
/* End XCBuildConfiguration section */

/* Begin XCConfigurationList section */
		62D1AE121A1E6D4400E4DFF8 /* Build configuration list for PBXProject "Validator" */ = {
			isa = XCConfigurationList;
			buildConfigurations = (
				62D1AE341A1E6D4500E4DFF8 /* Debug */,
				62D1AE351A1E6D4500E4DFF8 /* Release */,
			);
			defaultConfigurationIsVisible = 0;
			defaultConfigurationName = Release;
		};
		62D1AE361A1E6D4500E4DFF8 /* Build configuration list for PBXNativeTarget "Validator" */ = {
			isa = XCConfigurationList;
			buildConfigurations = (
				62D1AE371A1E6D4500E4DFF8 /* Debug */,
				62D1AE381A1E6D4500E4DFF8 /* Release */,
			);
			defaultConfigurationIsVisible = 0;
			defaultConfigurationName = Release;
		};
		62D1AE391A1E6D4500E4DFF8 /* Build configuration list for PBXNativeTarget "ValidatorTests" */ = {
			isa = XCConfigurationList;
			buildConfigurations = (
				62D1AE3A1A1E6D4500E4DFF8 /* Debug */,
				62D1AE3B1A1E6D4500E4DFF8 /* Release */,
			);
			defaultConfigurationIsVisible = 0;
			defaultConfigurationName = Release;
		};
/* End XCConfigurationList section */
	};
	rootObject = 62D1AE0F1A1E6D4400E4DFF8 /* Project object */;
}
